
Microsoft Visual Studio Solution File, Format Version 12.00
# Visual Studio Version 16
VisualStudioVersion = 16.0.30011.22
MinimumVisualStudioVersion = 10.0.40219.1
Project("{FAE04EC0-301F-11D3-BF4B-00C04F79EFBC}") = "Fitness.BL", "Fitness.BL\Fitness.BL.csproj", "{37159CEE-2F7C-4B8B-AA0D-595AF80B8095}"
EndProject
Project("{FAE04EC0-301F-11D3-BF4B-00C04F79EFBC}") = "Fitness.Consol", "Fitness.Consol\Fitness.Consol.csproj", "{7DF09F3B-C019-4714-9580-309B767E69FC}"
	ProjectSection(ProjectDependencies) = postProject
		{37159CEE-2F7C-4B8B-AA0D-595AF80B8095} = {37159CEE-2F7C-4B8B-AA0D-595AF80B8095}
	EndProjectSection
EndProject
Global
	GlobalSection(SolutionConfigurationPlatforms) = preSolution
		Debug|Any CPU = Debug|Any CPU
		Release|Any CPU = Release|Any CPU
	EndGlobalSection
	GlobalSection(ProjectConfigurationPlatforms) = postSolution
		{37159CEE-2F7C-4B8B-AA0D-595AF80B8095}.Debug|Any CPU.ActiveCfg = Debug|Any CPU
		{37159CEE-2F7C-4B8B-AA0D-595AF80B8095}.Debug|Any CPU.Build.0 = Debug|Any CPU
		{37159CEE-2F7C-4B8B-AA0D-595AF80B8095}.Release|Any CPU.ActiveCfg = Release|Any CPU
		{37159CEE-2F7C-4B8B-AA0D-595AF80B8095}.Release|Any CPU.Build.0 = Release|Any CPU
		{7DF09F3B-C019-4714-9580-309B767E69FC}.Debug|Any CPU.ActiveCfg = Debug|Any CPU
		{7DF09F3B-C019-4714-9580-309B767E69FC}.Debug|Any CPU.Build.0 = Debug|Any CPU
		{7DF09F3B-C019-4714-9580-309B767E69FC}.Release|Any CPU.ActiveCfg = Release|Any CPU
		{7DF09F3B-C019-4714-9580-309B767E69FC}.Release|Any CPU.Build.0 = Release|Any CPU
	EndGlobalSection
	GlobalSection(SolutionProperties) = preSolution
		HideSolutionNode = FALSE
	EndGlobalSection
	GlobalSection(ExtensibilityGlobals) = postSolution
		SolutionGuid = {CD313F41-7AC7-4ABA-84A7-AECE981F8907}
	EndGlobalSection
EndGlobal
